
Microsoft Visual Studio Solution File, Format Version 12.00
# Visual Studio Version 17
VisualStudioVersion = 17.14.36221.1 d17.14
MinimumVisualStudioVersion = 10.0.40219.1
Project("{8BC9CEB8-8B4A-11D0-8D11-00A0C91BC942}") = "Precalc 1", "..\Precalc 1\Precalc 1.vcxproj", "{19ED7F54-08EE-41A1-A5A0-E572969E9D2A}"
EndProject
Project("{8BC9CEB8-8B4A-11D0-8D11-00A0C91BC942}") = "Precalc 2", "..\Precalc 2\Precalc 2.vcxproj", "{B5D3FC5B-CB70-42A3-BD13-0D01DAE08FFD}"
EndProject
Project("{2150E333-8FDC-42A3-9474-1A3956D46DE8}") = "Precalculus", "Precalculus", "{02EA681E-C7D8-13C7-8484-4AC65E1B71E8}"
EndProject
Project("{8BC9CEB8-8B4A-11D0-8D11-00A0C91BC942}") = "Precalc 3", "..\Precalc 3\Precalc 3.vcxproj", "{729D76DA-D543-4C1B-8B41-FCEED3E3C589}"
EndProject
Project("{8BC9CEB8-8B4A-11D0-8D11-00A0C91BC942}") = "Precalc 4", "..\Precalc 4\Precalc 4.vcxproj", "{DD7745E5-881E-4617-97DB-6E4D311F4C9D}"
EndProject
Project("{8BC9CEB8-8B4A-11D0-8D11-00A0C91BC942}") = "Precalc 5", "..\Precalc 5\Precalc 5.vcxproj", "{65C8DB66-E316-44D3-8912-FFBC462FA7C0}"
EndProject
Project("{8BC9CEB8-8B4A-11D0-8D11-00A0C91BC942}") = "Precalc 6", "..\Precalc 6\Precalc 6.vcxproj", "{2C6F8F93-DDC4-48F7-BBB1-D0CCF42E6E86}"
EndProject
Project("{8BC9CEB8-8B4A-11D0-8D11-00A0C91BC942}") = "Precalc 7", "..\Precalc 7\Precalc 7.vcxproj", "{7F5AAF82-A574-4367-A7DE-FAEF9801E329}"
EndProject
Project("{8BC9CEB8-8B4A-11D0-8D11-00A0C91BC942}") = "Precalc 8", "..\Precalc 8\Precalc 8.vcxproj", "{D75879D2-F0CD-4A07-BCEB-DFBB159ACBCB}"
EndProject
Project("{8BC9CEB8-8B4A-11D0-8D11-00A0C91BC942}") = "Precalc 9", "..\Precalculus 9\Precalculus 9.vcxproj", "{06C661E4-74CA-4FF6-8E43-3CBA6EEDF2BF}"
EndProject
Project("{8BC9CEB8-8B4A-11D0-8D11-00A0C91BC942}") = "Precalc 10", "..\Precalc 10\Precalc 10.vcxproj", "{9033A375-587F-4110-BD90-0A633310BD43}"
EndProject
Project("{8BC9CEB8-8B4A-11D0-8D11-00A0C91BC942}") = "Precalc 11", "..\Precalc 11\Precalc 11.vcxproj", "{4DF587D7-25A7-4700-A1F1-FDA8FDCD6941}"
EndProject
Project("{2150E333-8FDC-42A3-9474-1A3956D46DE8}") = "Calculus 1", "Calculus 1", "{93298F28-A564-4C23-AC95-4143AD3A261E}"
EndProject
Project("{8BC9CEB8-8B4A-11D0-8D11-00A0C91BC942}") = "Calc1 1 Limits Intro", "..\Calc1 1 Limits Intro\Calc1 1 Limits Intro.vcxproj", "{918574B1-AB6F-43EA-A04B-96F61311F8D6}"
EndProject
Global
	GlobalSection(SolutionConfigurationPlatforms) = preSolution
		Debug|x64 = Debug|x64
		Debug|x86 = Debug|x86
		Release|x64 = Release|x64
		Release|x86 = Release|x86
	EndGlobalSection
	GlobalSection(ProjectConfigurationPlatforms) = postSolution
		{19ED7F54-08EE-41A1-A5A0-E572969E9D2A}.Debug|x64.ActiveCfg = Debug|x64
		{19ED7F54-08EE-41A1-A5A0-E572969E9D2A}.Debug|x64.Build.0 = Debug|x64
		{19ED7F54-08EE-41A1-A5A0-E572969E9D2A}.Debug|x86.ActiveCfg = Debug|Win32
		{19ED7F54-08EE-41A1-A5A0-E572969E9D2A}.Debug|x86.Build.0 = Debug|Win32
		{19ED7F54-08EE-41A1-A5A0-E572969E9D2A}.Release|x64.ActiveCfg = Release|x64
		{19ED7F54-08EE-41A1-A5A0-E572969E9D2A}.Release|x64.Build.0 = Release|x64
		{19ED7F54-08EE-41A1-A5A0-E572969E9D2A}.Release|x86.ActiveCfg = Release|Win32
		{19ED7F54-08EE-41A1-A5A0-E572969E9D2A}.Release|x86.Build.0 = Release|Win32
		{B5D3FC5B-CB70-42A3-BD13-0D01DAE08FFD}.Debug|x64.ActiveCfg = Debug|x64
		{B5D3FC5B-CB70-42A3-BD13-0D01DAE08FFD}.Debug|x64.Build.0 = Debug|x64
		{B5D3FC5B-CB70-42A3-BD13-0D01DAE08FFD}.Debug|x86.ActiveCfg = Debug|Win32
		{B5D3FC5B-CB70-42A3-BD13-0D01DAE08FFD}.Debug|x86.Build.0 = Debug|Win32
		{B5D3FC5B-CB70-42A3-BD13-0D01DAE08FFD}.Release|x64.ActiveCfg = Release|x64
		{B5D3FC5B-CB70-42A3-BD13-0D01DAE08FFD}.Release|x64.Build.0 = Release|x64
		{B5D3FC5B-CB70-42A3-BD13-0D01DAE08FFD}.Release|x86.ActiveCfg = Release|Win32
		{B5D3FC5B-CB70-42A3-BD13-0D01DAE08FFD}.Release|x86.Build.0 = Release|Win32
		{729D76DA-D543-4C1B-8B41-FCEED3E3C589}.Debug|x64.ActiveCfg = Debug|x64
		{729D76DA-D543-4C1B-8B41-FCEED3E3C589}.Debug|x64.Build.0 = Debug|x64
		{729D76DA-D543-4C1B-8B41-FCEED3E3C589}.Debug|x86.ActiveCfg = Debug|Win32
		{729D76DA-D543-4C1B-8B41-FCEED3E3C589}.Debug|x86.Build.0 = Debug|Win32
		{729D76DA-D543-4C1B-8B41-FCEED3E3C589}.Release|x64.ActiveCfg = Release|x64
		{729D76DA-D543-4C1B-8B41-FCEED3E3C589}.Release|x64.Build.0 = Release|x64
		{729D76DA-D543-4C1B-8B41-FCEED3E3C589}.Release|x86.ActiveCfg = Release|Win32
		{729D76DA-D543-4C1B-8B41-FCEED3E3C589}.Release|x86.Build.0 = Release|Win32
		{DD7745E5-881E-4617-97DB-6E4D311F4C9D}.Debug|x64.ActiveCfg = Debug|x64
		{DD7745E5-881E-4617-97DB-6E4D311F4C9D}.Debug|x64.Build.0 = Debug|x64
		{DD7745E5-881E-4617-97DB-6E4D311F4C9D}.Debug|x86.ActiveCfg = Debug|Win32
		{DD7745E5-881E-4617-97DB-6E4D311F4C9D}.Debug|x86.Build.0 = Debug|Win32
		{DD7745E5-881E-4617-97DB-6E4D311F4C9D}.Release|x64.ActiveCfg = Release|x64
		{DD7745E5-881E-4617-97DB-6E4D311F4C9D}.Release|x64.Build.0 = Release|x64
		{DD7745E5-881E-4617-97DB-6E4D311F4C9D}.Release|x86.ActiveCfg = Release|Win32
		{DD7745E5-881E-4617-97DB-6E4D311F4C9D}.Release|x86.Build.0 = Release|Win32
		{65C8DB66-E316-44D3-8912-FFBC462FA7C0}.Debug|x64.ActiveCfg = Debug|x64
		{65C8DB66-E316-44D3-8912-FFBC462FA7C0}.Debug|x64.Build.0 = Debug|x64
		{65C8DB66-E316-44D3-8912-FFBC462FA7C0}.Debug|x86.ActiveCfg = Debug|Win32
		{65C8DB66-E316-44D3-8912-FFBC462FA7C0}.Debug|x86.Build.0 = Debug|Win32
		{65C8DB66-E316-44D3-8912-FFBC462FA7C0}.Release|x64.ActiveCfg = Release|x64
		{65C8DB66-E316-44D3-8912-FFBC462FA7C0}.Release|x64.Build.0 = Release|x64
		{65C8DB66-E316-44D3-8912-FFBC462FA7C0}.Release|x86.ActiveCfg = Release|Win32
		{65C8DB66-E316-44D3-8912-FFBC462FA7C0}.Release|x86.Build.0 = Release|Win32
		{2C6F8F93-DDC4-48F7-BBB1-D0CCF42E6E86}.Debug|x64.ActiveCfg = Debug|x64
		{2C6F8F93-DDC4-48F7-BBB1-D0CCF42E6E86}.Debug|x64.Build.0 = Debug|x64
		{2C6F8F93-DDC4-48F7-BBB1-D0CCF42E6E86}.Debug|x86.ActiveCfg = Debug|Win32
		{2C6F8F93-DDC4-48F7-BBB1-D0CCF42E6E86}.Debug|x86.Build.0 = Debug|Win32
		{2C6F8F93-DDC4-48F7-BBB1-D0CCF42E6E86}.Release|x64.ActiveCfg = Release|x64
		{2C6F8F93-DDC4-48F7-BBB1-D0CCF42E6E86}.Release|x64.Build.0 = Release|x64
		{2C6F8F93-DDC4-48F7-BBB1-D0CCF42E6E86}.Release|x86.ActiveCfg = Release|Win32
		{2C6F8F93-DDC4-48F7-BBB1-D0CCF42E6E86}.Release|x86.Build.0 = Release|Win32
		{7F5AAF82-A574-4367-A7DE-FAEF9801E329}.Debug|x64.ActiveCfg = Debug|x64
		{7F5AAF82-A574-4367-A7DE-FAEF9801E329}.Debug|x64.Build.0 = Debug|x64
		{7F5AAF82-A574-4367-A7DE-FAEF9801E329}.Debug|x86.ActiveCfg = Debug|Win32
		{7F5AAF82-A574-4367-A7DE-FAEF9801E329}.Debug|x86.Build.0 = Debug|Win32
		{7F5AAF82-A574-4367-A7DE-FAEF9801E329}.Release|x64.ActiveCfg = Release|x64
		{7F5AAF82-A574-4367-A7DE-FAEF9801E329}.Release|x64.Build.0 = Release|x64
		{7F5AAF82-A574-4367-A7DE-FAEF9801E329}.Release|x86.ActiveCfg = Release|Win32
		{7F5AAF82-A574-4367-A7DE-FAEF9801E329}.Release|x86.Build.0 = Release|Win32
		{D75879D2-F0CD-4A07-BCEB-DFBB159ACBCB}.Debug|x64.ActiveCfg = Debug|x64
		{D75879D2-F0CD-4A07-BCEB-DFBB159ACBCB}.Debug|x64.Build.0 = Debug|x64
		{D75879D2-F0CD-4A07-BCEB-DFBB159ACBCB}.Debug|x86.ActiveCfg = Debug|Win32
		{D75879D2-F0CD-4A07-BCEB-DFBB159ACBCB}.Debug|x86.Build.0 = Debug|Win32
		{D75879D2-F0CD-4A07-BCEB-DFBB159ACBCB}.Release|x64.ActiveCfg = Release|x64
		{D75879D2-F0CD-4A07-BCEB-DFBB159ACBCB}.Release|x64.Build.0 = Release|x64
		{D75879D2-F0CD-4A07-BCEB-DFBB159ACBCB}.Release|x86.ActiveCfg = Release|Win32
		{D75879D2-F0CD-4A07-BCEB-DFBB159ACBCB}.Release|x86.Build.0 = Release|Win32
		{06C661E4-74CA-4FF6-8E43-3CBA6EEDF2BF}.Debug|x64.ActiveCfg = Debug|x64
		{06C661E4-74CA-4FF6-8E43-3CBA6EEDF2BF}.Debug|x64.Build.0 = Debug|x64
		{06C661E4-74CA-4FF6-8E43-3CBA6EEDF2BF}.Debug|x86.ActiveCfg = Debug|Win32
		{06C661E4-74CA-4FF6-8E43-3CBA6EEDF2BF}.Debug|x86.Build.0 = Debug|Win32
		{06C661E4-74CA-4FF6-8E43-3CBA6EEDF2BF}.Release|x64.ActiveCfg = Release|x64
		{06C661E4-74CA-4FF6-8E43-3CBA6EEDF2BF}.Release|x64.Build.0 = Release|x64
		{06C661E4-74CA-4FF6-8E43-3CBA6EEDF2BF}.Release|x86.ActiveCfg = Release|Win32
		{06C661E4-74CA-4FF6-8E43-3CBA6EEDF2BF}.Release|x86.Build.0 = Release|Win32
		{9033A375-587F-4110-BD90-0A633310BD43}.Debug|x64.ActiveCfg = Debug|x64
		{9033A375-587F-4110-BD90-0A633310BD43}.Debug|x64.Build.0 = Debug|x64
		{9033A375-587F-4110-BD90-0A633310BD43}.Debug|x86.ActiveCfg = Debug|Win32
		{9033A375-587F-4110-BD90-0A633310BD43}.Debug|x86.Build.0 = Debug|Win32
		{9033A375-587F-4110-BD90-0A633310BD43}.Release|x64.ActiveCfg = Release|x64
		{9033A375-587F-4110-BD90-0A633310BD43}.Release|x64.Build.0 = Release|x64
		{9033A375-587F-4110-BD90-0A633310BD43}.Release|x86.ActiveCfg = Release|Win32
		{9033A375-587F-4110-BD90-0A633310BD43}.Release|x86.Build.0 = Release|Win32
		{4DF587D7-25A7-4700-A1F1-FDA8FDCD6941}.Debug|x64.ActiveCfg = Debug|x64
		{4DF587D7-25A7-4700-A1F1-FDA8FDCD6941}.Debug|x64.Build.0 = Debug|x64
		{4DF587D7-25A7-4700-A1F1-FDA8FDCD6941}.Debug|x86.ActiveCfg = Debug|Win32
		{4DF587D7-25A7-4700-A1F1-FDA8FDCD6941}.Debug|x86.Build.0 = Debug|Win32
		{4DF587D7-25A7-4700-A1F1-FDA8FDCD6941}.Release|x64.ActiveCfg = Release|x64
		{4DF587D7-25A7-4700-A1F1-FDA8FDCD6941}.Release|x64.Build.0 = Release|x64
		{4DF587D7-25A7-4700-A1F1-FDA8FDCD6941}.Release|x86.ActiveCfg = Release|Win32
		{4DF587D7-25A7-4700-A1F1-FDA8FDCD6941}.Release|x86.Build.0 = Release|Win32
		{918574B1-AB6F-43EA-A04B-96F61311F8D6}.Debug|x64.ActiveCfg = Debug|x64
		{918574B1-AB6F-43EA-A04B-96F61311F8D6}.Debug|x64.Build.0 = Debug|x64
		{918574B1-AB6F-43EA-A04B-96F61311F8D6}.Debug|x86.ActiveCfg = Debug|Win32
		{918574B1-AB6F-43EA-A04B-96F61311F8D6}.Debug|x86.Build.0 = Debug|Win32
		{918574B1-AB6F-43EA-A04B-96F61311F8D6}.Release|x64.ActiveCfg = Release|x64
		{918574B1-AB6F-43EA-A04B-96F61311F8D6}.Release|x64.Build.0 = Release|x64
		{918574B1-AB6F-43EA-A04B-96F61311F8D6}.Release|x86.ActiveCfg = Release|Win32
		{918574B1-AB6F-43EA-A04B-96F61311F8D6}.Release|x86.Build.0 = Release|Win32
	EndGlobalSection
	GlobalSection(SolutionProperties) = preSolution
		HideSolutionNode = FALSE
	EndGlobalSection
	GlobalSection(NestedProjects) = preSolution
		{19ED7F54-08EE-41A1-A5A0-E572969E9D2A} = {02EA681E-C7D8-13C7-8484-4AC65E1B71E8}
		{B5D3FC5B-CB70-42A3-BD13-0D01DAE08FFD} = {02EA681E-C7D8-13C7-8484-4AC65E1B71E8}
		{729D76DA-D543-4C1B-8B41-FCEED3E3C589} = {02EA681E-C7D8-13C7-8484-4AC65E1B71E8}
		{DD7745E5-881E-4617-97DB-6E4D311F4C9D} = {02EA681E-C7D8-13C7-8484-4AC65E1B71E8}
		{65C8DB66-E316-44D3-8912-FFBC462FA7C0} = {02EA681E-C7D8-13C7-8484-4AC65E1B71E8}
		{2C6F8F93-DDC4-48F7-BBB1-D0CCF42E6E86} = {02EA681E-C7D8-13C7-8484-4AC65E1B71E8}
		{7F5AAF82-A574-4367-A7DE-FAEF9801E329} = {02EA681E-C7D8-13C7-8484-4AC65E1B71E8}
		{D75879D2-F0CD-4A07-BCEB-DFBB159ACBCB} = {02EA681E-C7D8-13C7-8484-4AC65E1B71E8}
		{06C661E4-74CA-4FF6-8E43-3CBA6EEDF2BF} = {02EA681E-C7D8-13C7-8484-4AC65E1B71E8}
		{9033A375-587F-4110-BD90-0A633310BD43} = {02EA681E-C7D8-13C7-8484-4AC65E1B71E8}
		{4DF587D7-25A7-4700-A1F1-FDA8FDCD6941} = {02EA681E-C7D8-13C7-8484-4AC65E1B71E8}
		{918574B1-AB6F-43EA-A04B-96F61311F8D6} = {93298F28-A564-4C23-AC95-4143AD3A261E}
	EndGlobalSection
	GlobalSection(ExtensibilityGlobals) = postSolution
		SolutionGuid = {A5E7AF3A-A9AB-4553-8328-EB91BCCB2E05}
	EndGlobalSection
EndGlobal
