
Microsoft Visual Studio Solution File, Format Version 12.00
# Visual Studio Version 17
VisualStudioVersion = 17.14.36221.1
MinimumVisualStudioVersion = 10.0.40219.1
Project("{2150E333-8FDC-42A3-9474-1A3956D46DE8}") = "Precalculus", "Precalculus", "{02EA681E-C7D8-13C7-8484-4AC65E1B71E8}"
EndProject
Project("{2150E333-8FDC-42A3-9474-1A3956D46DE8}") = "Calculus 1", "Calculus 1", "{93298F28-A564-4C23-AC95-4143AD3A261E}"
EndProject
Project("{8BC9CEB8-8B4A-11D0-8D11-00A0C91BC942}") = "Precalculus 1", "Precalculus 1\Precalculus 1.vcxproj", "{286EA301-6676-42DD-A780-3B51FC2AA979}"
EndProject
Project("{8BC9CEB8-8B4A-11D0-8D11-00A0C91BC942}") = "Precalculus 2", "Precalculus 2\Precalculus 2.vcxproj", "{FE929394-718F-402C-A82D-8E55C2B3A092}"
EndProject
Project("{8BC9CEB8-8B4A-11D0-8D11-00A0C91BC942}") = "Precalculus 3", "Precalculus 3\Precalculus 3.vcxproj", "{57E6FD7A-B565-4DFE-A71D-F076DD7E539E}"
EndProject
Project("{8BC9CEB8-8B4A-11D0-8D11-00A0C91BC942}") = "Precalculus 4", "Precalculus 4\Precalculus 4.vcxproj", "{DCCEA5D2-9A6A-41C7-8AA3-F899F40CED83}"
EndProject
Project("{8BC9CEB8-8B4A-11D0-8D11-00A0C91BC942}") = "Precalculus 5", "Precalculus 5\Precalculus 5.vcxproj", "{05762FDC-695E-4B61-8813-718DD4DBFF09}"
EndProject
Project("{8BC9CEB8-8B4A-11D0-8D11-00A0C91BC942}") = "Precalculus 6", "Precalculus 6\Precalculus 6.vcxproj", "{0404FFAE-3C40-4AF7-9204-3B1117D7405A}"
EndProject
Project("{8BC9CEB8-8B4A-11D0-8D11-00A0C91BC942}") = "Precalculus 7", "Precalculus 7\Precalculus 7.vcxproj", "{73676E4A-5240-4CA3-A128-B893C54C26DE}"
EndProject
Project("{8BC9CEB8-8B4A-11D0-8D11-00A0C91BC942}") = "Precalculus 8", "Precalculus 8\Precalculus 8.vcxproj", "{C2749ACA-679B-40C0-93BB-0FBDAA1F6E35}"
EndProject
Project("{8BC9CEB8-8B4A-11D0-8D11-00A0C91BC942}") = "Precalculus 9", "Precalculus 9\Precalculus 9.vcxproj", "{6236AB00-C8DF-4839-9531-754B791BCFD7}"
EndProject
Project("{8BC9CEB8-8B4A-11D0-8D11-00A0C91BC942}") = "Precalculus 10", "Precalculus 10\Precalculus 10.vcxproj", "{889DCBE4-6A8A-494B-87FF-2565649F63DB}"
EndProject
Project("{8BC9CEB8-8B4A-11D0-8D11-00A0C91BC942}") = "Precalculus 11", "Precalculus 11\Precalculus 11.vcxproj", "{2A174AE4-3FB0-461B-BB38-653835524A7E}"
EndProject
Project("{8BC9CEB8-8B4A-11D0-8D11-00A0C91BC942}") = "Calculus 1 Introduction to Limits", "Calculus 1 Introduction to Limits\Calculus 1 Introduction to Limits.vcxproj", "{D12167E8-B251-4989-AF21-3F77F265A36C}"
EndProject
Project("{8BC9CEB8-8B4A-11D0-8D11-00A0C91BC942}") = "Calculus 1.2 Graphical and Numerical Approaches", "Calculus 1.2 Graphical and Numerical Approaches\Calculus 1.2 Graphical and Numerical Approaches.vcxproj", "{06110972-DC59-4BB5-B021-12F46B0335E2}"
EndProject
Project("{8BC9CEB8-8B4A-11D0-8D11-00A0C91BC942}") = "Calculus 1.3 Formal definition of limits", "Calculus 1.3 Formal definition of limits\Calculus 1.3 Formal definition of limits.vcxproj", "{EF90C9A7-617D-4399-9D2F-0F9FCDE4CD43}"
EndProject
Global
	GlobalSection(SolutionConfigurationPlatforms) = preSolution
		Debug|x64 = Debug|x64
		Debug|x86 = Debug|x86
		Release|x64 = Release|x64
		Release|x86 = Release|x86
	EndGlobalSection
	GlobalSection(ProjectConfigurationPlatforms) = postSolution
		{286EA301-6676-42DD-A780-3B51FC2AA979}.Debug|x64.ActiveCfg = Debug|x64
		{286EA301-6676-42DD-A780-3B51FC2AA979}.Debug|x64.Build.0 = Debug|x64
		{286EA301-6676-42DD-A780-3B51FC2AA979}.Debug|x86.ActiveCfg = Debug|Win32
		{286EA301-6676-42DD-A780-3B51FC2AA979}.Debug|x86.Build.0 = Debug|Win32
		{286EA301-6676-42DD-A780-3B51FC2AA979}.Release|x64.ActiveCfg = Release|x64
		{286EA301-6676-42DD-A780-3B51FC2AA979}.Release|x64.Build.0 = Release|x64
		{286EA301-6676-42DD-A780-3B51FC2AA979}.Release|x86.ActiveCfg = Release|Win32
		{286EA301-6676-42DD-A780-3B51FC2AA979}.Release|x86.Build.0 = Release|Win32
		{FE929394-718F-402C-A82D-8E55C2B3A092}.Debug|x64.ActiveCfg = Debug|x64
		{FE929394-718F-402C-A82D-8E55C2B3A092}.Debug|x64.Build.0 = Debug|x64
		{FE929394-718F-402C-A82D-8E55C2B3A092}.Debug|x86.ActiveCfg = Debug|Win32
		{FE929394-718F-402C-A82D-8E55C2B3A092}.Debug|x86.Build.0 = Debug|Win32
		{FE929394-718F-402C-A82D-8E55C2B3A092}.Release|x64.ActiveCfg = Release|x64
		{FE929394-718F-402C-A82D-8E55C2B3A092}.Release|x64.Build.0 = Release|x64
		{FE929394-718F-402C-A82D-8E55C2B3A092}.Release|x86.ActiveCfg = Release|Win32
		{FE929394-718F-402C-A82D-8E55C2B3A092}.Release|x86.Build.0 = Release|Win32
		{57E6FD7A-B565-4DFE-A71D-F076DD7E539E}.Debug|x64.ActiveCfg = Debug|x64
		{57E6FD7A-B565-4DFE-A71D-F076DD7E539E}.Debug|x64.Build.0 = Debug|x64
		{57E6FD7A-B565-4DFE-A71D-F076DD7E539E}.Debug|x86.ActiveCfg = Debug|Win32
		{57E6FD7A-B565-4DFE-A71D-F076DD7E539E}.Debug|x86.Build.0 = Debug|Win32
		{57E6FD7A-B565-4DFE-A71D-F076DD7E539E}.Release|x64.ActiveCfg = Release|x64
		{57E6FD7A-B565-4DFE-A71D-F076DD7E539E}.Release|x64.Build.0 = Release|x64
		{57E6FD7A-B565-4DFE-A71D-F076DD7E539E}.Release|x86.ActiveCfg = Release|Win32
		{57E6FD7A-B565-4DFE-A71D-F076DD7E539E}.Release|x86.Build.0 = Release|Win32
		{DCCEA5D2-9A6A-41C7-8AA3-F899F40CED83}.Debug|x64.ActiveCfg = Debug|x64
		{DCCEA5D2-9A6A-41C7-8AA3-F899F40CED83}.Debug|x64.Build.0 = Debug|x64
		{DCCEA5D2-9A6A-41C7-8AA3-F899F40CED83}.Debug|x86.ActiveCfg = Debug|Win32
		{DCCEA5D2-9A6A-41C7-8AA3-F899F40CED83}.Debug|x86.Build.0 = Debug|Win32
		{DCCEA5D2-9A6A-41C7-8AA3-F899F40CED83}.Release|x64.ActiveCfg = Release|x64
		{DCCEA5D2-9A6A-41C7-8AA3-F899F40CED83}.Release|x64.Build.0 = Release|x64
		{DCCEA5D2-9A6A-41C7-8AA3-F899F40CED83}.Release|x86.ActiveCfg = Release|Win32
		{DCCEA5D2-9A6A-41C7-8AA3-F899F40CED83}.Release|x86.Build.0 = Release|Win32
		{05762FDC-695E-4B61-8813-718DD4DBFF09}.Debug|x64.ActiveCfg = Debug|x64
		{05762FDC-695E-4B61-8813-718DD4DBFF09}.Debug|x64.Build.0 = Debug|x64
		{05762FDC-695E-4B61-8813-718DD4DBFF09}.Debug|x86.ActiveCfg = Debug|Win32
		{05762FDC-695E-4B61-8813-718DD4DBFF09}.Debug|x86.Build.0 = Debug|Win32
		{05762FDC-695E-4B61-8813-718DD4DBFF09}.Release|x64.ActiveCfg = Release|x64
		{05762FDC-695E-4B61-8813-718DD4DBFF09}.Release|x64.Build.0 = Release|x64
		{05762FDC-695E-4B61-8813-718DD4DBFF09}.Release|x86.ActiveCfg = Release|Win32
		{05762FDC-695E-4B61-8813-718DD4DBFF09}.Release|x86.Build.0 = Release|Win32
		{0404FFAE-3C40-4AF7-9204-3B1117D7405A}.Debug|x64.ActiveCfg = Debug|x64
		{0404FFAE-3C40-4AF7-9204-3B1117D7405A}.Debug|x64.Build.0 = Debug|x64
		{0404FFAE-3C40-4AF7-9204-3B1117D7405A}.Debug|x86.ActiveCfg = Debug|Win32
		{0404FFAE-3C40-4AF7-9204-3B1117D7405A}.Debug|x86.Build.0 = Debug|Win32
		{0404FFAE-3C40-4AF7-9204-3B1117D7405A}.Release|x64.ActiveCfg = Release|x64
		{0404FFAE-3C40-4AF7-9204-3B1117D7405A}.Release|x64.Build.0 = Release|x64
		{0404FFAE-3C40-4AF7-9204-3B1117D7405A}.Release|x86.ActiveCfg = Release|Win32
		{0404FFAE-3C40-4AF7-9204-3B1117D7405A}.Release|x86.Build.0 = Release|Win32
		{73676E4A-5240-4CA3-A128-B893C54C26DE}.Debug|x64.ActiveCfg = Debug|x64
		{73676E4A-5240-4CA3-A128-B893C54C26DE}.Debug|x64.Build.0 = Debug|x64
		{73676E4A-5240-4CA3-A128-B893C54C26DE}.Debug|x86.ActiveCfg = Debug|Win32
		{73676E4A-5240-4CA3-A128-B893C54C26DE}.Debug|x86.Build.0 = Debug|Win32
		{73676E4A-5240-4CA3-A128-B893C54C26DE}.Release|x64.ActiveCfg = Release|x64
		{73676E4A-5240-4CA3-A128-B893C54C26DE}.Release|x64.Build.0 = Release|x64
		{73676E4A-5240-4CA3-A128-B893C54C26DE}.Release|x86.ActiveCfg = Release|Win32
		{73676E4A-5240-4CA3-A128-B893C54C26DE}.Release|x86.Build.0 = Release|Win32
		{C2749ACA-679B-40C0-93BB-0FBDAA1F6E35}.Debug|x64.ActiveCfg = Debug|x64
		{C2749ACA-679B-40C0-93BB-0FBDAA1F6E35}.Debug|x64.Build.0 = Debug|x64
		{C2749ACA-679B-40C0-93BB-0FBDAA1F6E35}.Debug|x86.ActiveCfg = Debug|Win32
		{C2749ACA-679B-40C0-93BB-0FBDAA1F6E35}.Debug|x86.Build.0 = Debug|Win32
		{C2749ACA-679B-40C0-93BB-0FBDAA1F6E35}.Release|x64.ActiveCfg = Release|x64
		{C2749ACA-679B-40C0-93BB-0FBDAA1F6E35}.Release|x64.Build.0 = Release|x64
		{C2749ACA-679B-40C0-93BB-0FBDAA1F6E35}.Release|x86.ActiveCfg = Release|Win32
		{C2749ACA-679B-40C0-93BB-0FBDAA1F6E35}.Release|x86.Build.0 = Release|Win32
		{6236AB00-C8DF-4839-9531-754B791BCFD7}.Debug|x64.ActiveCfg = Debug|x64
		{6236AB00-C8DF-4839-9531-754B791BCFD7}.Debug|x64.Build.0 = Debug|x64
		{6236AB00-C8DF-4839-9531-754B791BCFD7}.Debug|x86.ActiveCfg = Debug|Win32
		{6236AB00-C8DF-4839-9531-754B791BCFD7}.Debug|x86.Build.0 = Debug|Win32
		{6236AB00-C8DF-4839-9531-754B791BCFD7}.Release|x64.ActiveCfg = Release|x64
		{6236AB00-C8DF-4839-9531-754B791BCFD7}.Release|x64.Build.0 = Release|x64
		{6236AB00-C8DF-4839-9531-754B791BCFD7}.Release|x86.ActiveCfg = Release|Win32
		{6236AB00-C8DF-4839-9531-754B791BCFD7}.Release|x86.Build.0 = Release|Win32
		{889DCBE4-6A8A-494B-87FF-2565649F63DB}.Debug|x64.ActiveCfg = Debug|x64
		{889DCBE4-6A8A-494B-87FF-2565649F63DB}.Debug|x64.Build.0 = Debug|x64
		{889DCBE4-6A8A-494B-87FF-2565649F63DB}.Debug|x86.ActiveCfg = Debug|Win32
		{889DCBE4-6A8A-494B-87FF-2565649F63DB}.Debug|x86.Build.0 = Debug|Win32
		{889DCBE4-6A8A-494B-87FF-2565649F63DB}.Release|x64.ActiveCfg = Release|x64
		{889DCBE4-6A8A-494B-87FF-2565649F63DB}.Release|x64.Build.0 = Release|x64
		{889DCBE4-6A8A-494B-87FF-2565649F63DB}.Release|x86.ActiveCfg = Release|Win32
		{889DCBE4-6A8A-494B-87FF-2565649F63DB}.Release|x86.Build.0 = Release|Win32
		{2A174AE4-3FB0-461B-BB38-653835524A7E}.Debug|x64.ActiveCfg = Debug|x64
		{2A174AE4-3FB0-461B-BB38-653835524A7E}.Debug|x64.Build.0 = Debug|x64
		{2A174AE4-3FB0-461B-BB38-653835524A7E}.Debug|x86.ActiveCfg = Debug|Win32
		{2A174AE4-3FB0-461B-BB38-653835524A7E}.Debug|x86.Build.0 = Debug|Win32
		{2A174AE4-3FB0-461B-BB38-653835524A7E}.Release|x64.ActiveCfg = Release|x64
		{2A174AE4-3FB0-461B-BB38-653835524A7E}.Release|x64.Build.0 = Release|x64
		{2A174AE4-3FB0-461B-BB38-653835524A7E}.Release|x86.ActiveCfg = Release|Win32
		{2A174AE4-3FB0-461B-BB38-653835524A7E}.Release|x86.Build.0 = Release|Win32
		{D12167E8-B251-4989-AF21-3F77F265A36C}.Debug|x64.ActiveCfg = Debug|x64
		{D12167E8-B251-4989-AF21-3F77F265A36C}.Debug|x64.Build.0 = Debug|x64
		{D12167E8-B251-4989-AF21-3F77F265A36C}.Debug|x86.ActiveCfg = Debug|Win32
		{D12167E8-B251-4989-AF21-3F77F265A36C}.Debug|x86.Build.0 = Debug|Win32
		{D12167E8-B251-4989-AF21-3F77F265A36C}.Release|x64.ActiveCfg = Release|x64
		{D12167E8-B251-4989-AF21-3F77F265A36C}.Release|x64.Build.0 = Release|x64
		{D12167E8-B251-4989-AF21-3F77F265A36C}.Release|x86.ActiveCfg = Release|Win32
		{D12167E8-B251-4989-AF21-3F77F265A36C}.Release|x86.Build.0 = Release|Win32
		{06110972-DC59-4BB5-B021-12F46B0335E2}.Debug|x64.ActiveCfg = Debug|x64
		{06110972-DC59-4BB5-B021-12F46B0335E2}.Debug|x64.Build.0 = Debug|x64
		{06110972-DC59-4BB5-B021-12F46B0335E2}.Debug|x86.ActiveCfg = Debug|Win32
		{06110972-DC59-4BB5-B021-12F46B0335E2}.Debug|x86.Build.0 = Debug|Win32
		{06110972-DC59-4BB5-B021-12F46B0335E2}.Release|x64.ActiveCfg = Release|x64
		{06110972-DC59-4BB5-B021-12F46B0335E2}.Release|x64.Build.0 = Release|x64
		{06110972-DC59-4BB5-B021-12F46B0335E2}.Release|x86.ActiveCfg = Release|Win32
		{06110972-DC59-4BB5-B021-12F46B0335E2}.Release|x86.Build.0 = Release|Win32
		{EF90C9A7-617D-4399-9D2F-0F9FCDE4CD43}.Debug|x64.ActiveCfg = Debug|x64
		{EF90C9A7-617D-4399-9D2F-0F9FCDE4CD43}.Debug|x64.Build.0 = Debug|x64
		{EF90C9A7-617D-4399-9D2F-0F9FCDE4CD43}.Debug|x86.ActiveCfg = Debug|Win32
		{EF90C9A7-617D-4399-9D2F-0F9FCDE4CD43}.Debug|x86.Build.0 = Debug|Win32
		{EF90C9A7-617D-4399-9D2F-0F9FCDE4CD43}.Release|x64.ActiveCfg = Release|x64
		{EF90C9A7-617D-4399-9D2F-0F9FCDE4CD43}.Release|x64.Build.0 = Release|x64
		{EF90C9A7-617D-4399-9D2F-0F9FCDE4CD43}.Release|x86.ActiveCfg = Release|Win32
		{EF90C9A7-617D-4399-9D2F-0F9FCDE4CD43}.Release|x86.Build.0 = Release|Win32
	EndGlobalSection
	GlobalSection(SolutionProperties) = preSolution
		HideSolutionNode = FALSE
	EndGlobalSection
	GlobalSection(NestedProjects) = preSolution
		{286EA301-6676-42DD-A780-3B51FC2AA979} = {02EA681E-C7D8-13C7-8484-4AC65E1B71E8}
		{FE929394-718F-402C-A82D-8E55C2B3A092} = {02EA681E-C7D8-13C7-8484-4AC65E1B71E8}
		{57E6FD7A-B565-4DFE-A71D-F076DD7E539E} = {02EA681E-C7D8-13C7-8484-4AC65E1B71E8}
		{DCCEA5D2-9A6A-41C7-8AA3-F899F40CED83} = {02EA681E-C7D8-13C7-8484-4AC65E1B71E8}
		{05762FDC-695E-4B61-8813-718DD4DBFF09} = {02EA681E-C7D8-13C7-8484-4AC65E1B71E8}
		{0404FFAE-3C40-4AF7-9204-3B1117D7405A} = {02EA681E-C7D8-13C7-8484-4AC65E1B71E8}
		{73676E4A-5240-4CA3-A128-B893C54C26DE} = {02EA681E-C7D8-13C7-8484-4AC65E1B71E8}
		{C2749ACA-679B-40C0-93BB-0FBDAA1F6E35} = {02EA681E-C7D8-13C7-8484-4AC65E1B71E8}
		{6236AB00-C8DF-4839-9531-754B791BCFD7} = {02EA681E-C7D8-13C7-8484-4AC65E1B71E8}
		{889DCBE4-6A8A-494B-87FF-2565649F63DB} = {02EA681E-C7D8-13C7-8484-4AC65E1B71E8}
		{2A174AE4-3FB0-461B-BB38-653835524A7E} = {02EA681E-C7D8-13C7-8484-4AC65E1B71E8}
		{D12167E8-B251-4989-AF21-3F77F265A36C} = {93298F28-A564-4C23-AC95-4143AD3A261E}
		{06110972-DC59-4BB5-B021-12F46B0335E2} = {93298F28-A564-4C23-AC95-4143AD3A261E}
		{EF90C9A7-617D-4399-9D2F-0F9FCDE4CD43} = {93298F28-A564-4C23-AC95-4143AD3A261E}
	EndGlobalSection
	GlobalSection(ExtensibilityGlobals) = postSolution
		SolutionGuid = {A5E7AF3A-A9AB-4553-8328-EB91BCCB2E05}
	EndGlobalSection
EndGlobal
